
Microsoft Visual Studio Solution File, Format Version 12.00
# Visual Studio Version 17
VisualStudioVersion = 17.0.32014.148
MinimumVisualStudioVersion = 10.0.40219.1
Project("{FAE04EC0-301F-11D3-BF4B-00C04F79EFBC}") = "AppLista03_Logica", "AppLista03_Logica\AppLista03_Logica.csproj", "{67A14516-FA9B-4E61-BD99-89F8CBAEA44E}"
EndProject
Global
	GlobalSection(SolutionConfigurationPlatforms) = preSolution
		Debug|Any CPU = Debug|Any CPU
		Release|Any CPU = Release|Any CPU
	EndGlobalSection
	GlobalSection(ProjectConfigurationPlatforms) = postSolution
		{67A14516-FA9B-4E61-BD99-89F8CBAEA44E}.Debug|Any CPU.ActiveCfg = Debug|Any CPU
		{67A14516-FA9B-4E61-BD99-89F8CBAEA44E}.Debug|Any CPU.Build.0 = Debug|Any CPU
		{67A14516-FA9B-4E61-BD99-89F8CBAEA44E}.Release|Any CPU.ActiveCfg = Release|Any CPU
		{67A14516-FA9B-4E61-BD99-89F8CBAEA44E}.Release|Any CPU.Build.0 = Release|Any CPU
	EndGlobalSection
	GlobalSection(SolutionProperties) = preSolution
		HideSolutionNode = FALSE
	EndGlobalSection
	GlobalSection(ExtensibilityGlobals) = postSolution
		SolutionGuid = {E1133B28-9E35-45E8-9267-90FBDCA9003C}
	EndGlobalSection
EndGlobal
